
Microsoft Visual Studio Solution File, Format Version 12.00
# Visual Studio Version 17
VisualStudioVersion = 17.11.35208.52
MinimumVisualStudioVersion = 10.0.40219.1
Project("{FAE04EC0-301F-11D3-BF4B-00C04F79EFBC}") = "rare_crew_c#_test", "rare_crew_c#_test\rare_crew_c#_test.csproj", "{618EED05-35FC-411B-B8EC-9A5D8DB029B4}"
EndProject
Global
	GlobalSection(SolutionConfigurationPlatforms) = preSolution
		Debug|Any CPU = Debug|Any CPU
		Release|Any CPU = Release|Any CPU
	EndGlobalSection
	GlobalSection(ProjectConfigurationPlatforms) = postSolution
		{618EED05-35FC-411B-B8EC-9A5D8DB029B4}.Debug|Any CPU.ActiveCfg = Debug|Any CPU
		{618EED05-35FC-411B-B8EC-9A5D8DB029B4}.Debug|Any CPU.Build.0 = Debug|Any CPU
		{618EED05-35FC-411B-B8EC-9A5D8DB029B4}.Release|Any CPU.ActiveCfg = Release|Any CPU
		{618EED05-35FC-411B-B8EC-9A5D8DB029B4}.Release|Any CPU.Build.0 = Release|Any CPU
	EndGlobalSection
	GlobalSection(SolutionProperties) = preSolution
		HideSolutionNode = FALSE
	EndGlobalSection
	GlobalSection(ExtensibilityGlobals) = postSolution
		SolutionGuid = {50C7D36A-D478-4EA2-BAF3-FB82DB09557B}
	EndGlobalSection
EndGlobal
